
Microsoft Visual Studio Solution File, Format Version 12.00
# Visual Studio Version 17
VisualStudioVersion = 17.2.32616.157
MinimumVisualStudioVersion = 10.0.40219.1
Project("{FAE04EC0-301F-11D3-BF4B-00C04F79EFBC}") = "HangmanWpfUi", "HangmanWpfUi\HangmanWpfUi.csproj", "{609506B8-0A37-4A1E-8F25-3E132EEC85A1}"
EndProject
Project("{FAE04EC0-301F-11D3-BF4B-00C04F79EFBC}") = "HangmanModels", "HangmanModels\HangmanModels.csproj", "{A2CF57F9-4D7A-424C-A76E-D8B233ECCA0D}"
EndProject
Project("{FAE04EC0-301F-11D3-BF4B-00C04F79EFBC}") = "HangmanWpfViews", "HangmanWpfViews\HangmanWpfViews.csproj", "{9C97B794-F46D-4B88-833E-79C69A9071A6}"
EndProject
Global
	GlobalSection(SolutionConfigurationPlatforms) = preSolution
		Debug|Any CPU = Debug|Any CPU
		Release|Any CPU = Release|Any CPU
	EndGlobalSection
	GlobalSection(ProjectConfigurationPlatforms) = postSolution
		{609506B8-0A37-4A1E-8F25-3E132EEC85A1}.Debug|Any CPU.ActiveCfg = Debug|Any CPU
		{609506B8-0A37-4A1E-8F25-3E132EEC85A1}.Debug|Any CPU.Build.0 = Debug|Any CPU
		{609506B8-0A37-4A1E-8F25-3E132EEC85A1}.Release|Any CPU.ActiveCfg = Release|Any CPU
		{609506B8-0A37-4A1E-8F25-3E132EEC85A1}.Release|Any CPU.Build.0 = Release|Any CPU
		{A2CF57F9-4D7A-424C-A76E-D8B233ECCA0D}.Debug|Any CPU.ActiveCfg = Debug|Any CPU
		{A2CF57F9-4D7A-424C-A76E-D8B233ECCA0D}.Debug|Any CPU.Build.0 = Debug|Any CPU
		{A2CF57F9-4D7A-424C-A76E-D8B233ECCA0D}.Release|Any CPU.ActiveCfg = Release|Any CPU
		{A2CF57F9-4D7A-424C-A76E-D8B233ECCA0D}.Release|Any CPU.Build.0 = Release|Any CPU
		{9C97B794-F46D-4B88-833E-79C69A9071A6}.Debug|Any CPU.ActiveCfg = Debug|Any CPU
		{9C97B794-F46D-4B88-833E-79C69A9071A6}.Debug|Any CPU.Build.0 = Debug|Any CPU
		{9C97B794-F46D-4B88-833E-79C69A9071A6}.Release|Any CPU.ActiveCfg = Release|Any CPU
		{9C97B794-F46D-4B88-833E-79C69A9071A6}.Release|Any CPU.Build.0 = Release|Any CPU
	EndGlobalSection
	GlobalSection(SolutionProperties) = preSolution
		HideSolutionNode = FALSE
	EndGlobalSection
	GlobalSection(ExtensibilityGlobals) = postSolution
		SolutionGuid = {BB61042B-01B5-4612-BD32-CB17B63C70C2}
	EndGlobalSection
EndGlobal
